{
  "name": "bitacora-mpd",
  "lockfileVersion": 3,
  "requires": true,
  "packages": {
    "": {
      "dependencies": {
        "@hookform/resolvers": "^5.0.1",
        "@tanstack/react-virtual": "^3.13.6",
        "driver.js": "^1.3.6",
        "ky": "^1.8.1",
        "react-hook-form": "^7.55.0",
        "zod": "^3.24.3"
      }
    },
    "node_modules/@hookform/resolvers": {
      "version": "5.0.1",
      "resolved": "https://registry.npmjs.org/@hookform/resolvers/-/resolvers-5.0.1.tgz",
      "integrity": "sha512-u/+Jp83luQNx9AdyW2fIPGY6Y7NG68eN2ZW8FOJYL+M0i4s49+refdJdOp/A9n9HFQtQs3HIDHQvX3ZET2o7YA==",
      "license": "MIT",
      "dependencies": {
        "@standard-schema/utils": "^0.3.0"
      },
      "peerDependencies": {
        "react-hook-form": "^7.55.0"
      }
    },
    "node_modules/@standard-schema/utils": {
      "version": "0.3.0",
      "resolved": "https://registry.npmjs.org/@standard-schema/utils/-/utils-0.3.0.tgz",
      "integrity": "sha512-e7Mew686owMaPJVNNLs55PUvgz371nKgwsc4vxE49zsODpJEnxgxRo2y/OKrqueavXgZNMDVj3DdHFlaSAeU8g==",
      "license": "MIT"
    },
    "node_modules/@tanstack/react-virtual": {
      "version": "3.13.6",
      "resolved": "https://registry.npmjs.org/@tanstack/react-virtual/-/react-virtual-3.13.6.tgz",
      "integrity": "sha512-WT7nWs8ximoQ0CDx/ngoFP7HbQF9Q2wQe4nh2NB+u2486eX3nZRE40P9g6ccCVq7ZfTSH5gFOuCoVH5DLNS/aA==",
      "license": "MIT",
      "dependencies": {
        "@tanstack/virtual-core": "3.13.6"
      },
      "funding": {
        "type": "github",
        "url": "https://github.com/sponsors/tannerlinsley"
      },
      "peerDependencies": {
        "react": "^16.8.0 || ^17.0.0 || ^18.0.0 || ^19.0.0",
        "react-dom": "^16.8.0 || ^17.0.0 || ^18.0.0 || ^19.0.0"
      }
    },
    "node_modules/@tanstack/virtual-core": {
      "version": "3.13.6",
      "resolved": "https://registry.npmjs.org/@tanstack/virtual-core/-/virtual-core-3.13.6.tgz",
      "integrity": "sha512-cnQUeWnhNP8tJ4WsGcYiX24Gjkc9ALstLbHcBj1t3E7EimN6n6kHH+DPV4PpDnuw00NApQp+ViojMj1GRdwYQg==",
      "license": "MIT",
      "funding": {
        "type": "github",
        "url": "https://github.com/sponsors/tannerlinsley"
      }
    },
    "node_modules/driver.js": {
      "version": "1.3.6",
      "resolved": "https://registry.npmjs.org/driver.js/-/driver.js-1.3.6.tgz",
      "integrity": "sha512-g2nNuu+tWmPpuoyk3ffpT9vKhjPz4NrJzq6mkRDZIwXCrFhrKdDJ9TX5tJOBpvCTBrBYjgRQ17XlcQB15q4gMg==",
      "license": "MIT"
    },
    "node_modules/ky": {
      "version": "1.8.1",
      "resolved": "https://registry.npmjs.org/ky/-/ky-1.8.1.tgz",
      "integrity": "sha512-7Bp3TpsE+L+TARSnnDpk3xg8Idi8RwSLdj6CMbNWoOARIrGrbuLGusV0dYwbZOm4bB3jHNxSw8Wk/ByDqJEnDw==",
      "license": "MIT",
      "engines": {
        "node": ">=18"
      },
      "funding": {
        "url": "https://github.com/sindresorhus/ky?sponsor=1"
      }
    },
    "node_modules/react": {
      "version": "19.1.0",
      "resolved": "https://registry.npmjs.org/react/-/react-19.1.0.tgz",
      "integrity": "sha512-FS+XFBNvn3GTAWq26joslQgWNoFu08F4kl0J4CgdNKADkdSGXQyTCnKteIAJy96Br6YbpEU1LSzV5dYtjMkMDg==",
      "license": "MIT",
      "peer": true,
      "engines": {
        "node": ">=0.10.0"
      }
    },
    "node_modules/react-dom": {
      "version": "19.1.0",
      "resolved": "https://registry.npmjs.org/react-dom/-/react-dom-19.1.0.tgz",
      "integrity": "sha512-Xs1hdnE+DyKgeHJeJznQmYMIBG3TKIHJJT95Q58nHLSrElKlGQqDTR2HQ9fx5CN/Gk6Vh/kupBTDLU11/nDk/g==",
      "license": "MIT",
      "peer": true,
      "dependencies": {
        "scheduler": "^0.26.0"
      },
      "peerDependencies": {
        "react": "^19.1.0"
      }
    },
    "node_modules/react-hook-form": {
      "version": "7.55.0",
      "resolved": "https://registry.npmjs.org/react-hook-form/-/react-hook-form-7.55.0.tgz",
      "integrity": "sha512-XRnjsH3GVMQz1moZTW53MxfoWN7aDpUg/GpVNc4A3eXRVNdGXfbzJ4vM4aLQ8g6XCUh1nIbx70aaNCl7kxnjog==",
      "license": "MIT",
      "engines": {
        "node": ">=18.0.0"
      },
      "funding": {
        "type": "opencollective",
        "url": "https://opencollective.com/react-hook-form"
      },
      "peerDependencies": {
        "react": "^16.8.0 || ^17 || ^18 || ^19"
      }
    },
    "node_modules/scheduler": {
      "version": "0.26.0",
      "resolved": "https://registry.npmjs.org/scheduler/-/scheduler-0.26.0.tgz",
      "integrity": "sha512-NlHwttCI/l5gCPR3D1nNXtWABUmBwvZpEQiD4IXSbIDq8BzLIK/7Ir5gTFSGZDUu37K5cMNp0hFtzO38sC7gWA==",
      "license": "MIT",
      "peer": true
    },
    "node_modules/zod": {
      "version": "3.24.3",
      "resolved": "https://registry.npmjs.org/zod/-/zod-3.24.3.tgz",
      "integrity": "sha512-HhY1oqzWCQWuUqvBFnsyrtZRhyPeR7SUGv+C4+MsisMuVfSPx8HpwWqH8tRahSlt6M3PiFAcoeFhZAqIXTxoSg==",
      "license": "MIT",
      "funding": {
        "url": "https://github.com/sponsors/colinhacks"
      }
    }
  }
}
